Microsoft Visual Studio Solution File, Format Version 12.00
# Visual Studio Version 17
VisualStudioVersion = 17.8.0.0
MinimumVisualStudioVersion = 17.8.0.0
Project("{9A19103F-16F7-4668-BE54-9A1E7A4F7556}") = "SampleAspireStarterWithConsole.AppHost", "SampleAspireStarterWithConsole.AppHost\SampleAspireStarterWithConsole.AppHost.csproj", "{6AE2FA5E-EA12-47AD-878B-898146F7D387}"
EndProject
Project("{9A19103F-16F7-4668-BE54-9A1E7A4F7556}") = "SampleAspireStarterWithConsole.ServiceDefaults", "SampleAspireStarterWithConsole.ServiceDefaults\SampleAspireStarterWithConsole.ServiceDefaults.csproj", "{02943089-505B-4198-8301-C37936E25796}"
EndProject
Project("{9A19103F-16F7-4668-BE54-9A1E7A4F7556}") = "SampleAspireStarterWithConsole.ApiService", "SampleAspireStarterWithConsole.ApiService\SampleAspireStarterWithConsole.ApiService.csproj", "{2058EA8F-B56B-4322-84BD-4D56D5B3F939}"
EndProject
Project("{9A19103F-16F7-4668-BE54-9A1E7A4F7556}") = "SampleAspireStarterWithConsole.Web", "SampleAspireStarterWithConsole.Web\SampleAspireStarterWithConsole.Web.csproj", "{DCFB2E31-6C83-45FE-BF71-F127162BC18B}"
EndProject
Project("{2150E333-8FDC-42A3-9474-1A3956D46DE8}") = "Clients", "Clients", "{E5074030-58C9-4CC5-B53D-2D48A37D4748}"
EndProject
Project("{FAE04EC0-301F-11D3-BF4B-00C04F79EFBC}") = "AppConsole", "Clients\AppConsole\AppConsole.csproj", "{D993A4D5-E6B0-4DA1-8970-9BB086636A7E}"
EndProject
Global
	GlobalSection(SolutionConfigurationPlatforms) = preSolution
		Debug|Any CPU = Debug|Any CPU
		Release|Any CPU = Release|Any CPU
	EndGlobalSection
	GlobalSection(ProjectConfigurationPlatforms) = postSolution
		{6AE2FA5E-EA12-47AD-878B-898146F7D387}.Debug|Any CPU.ActiveCfg = Debug|Any CPU
		{6AE2FA5E-EA12-47AD-878B-898146F7D387}.Debug|Any CPU.Build.0 = Debug|Any CPU
		{6AE2FA5E-EA12-47AD-878B-898146F7D387}.Release|Any CPU.ActiveCfg = Release|Any CPU
		{6AE2FA5E-EA12-47AD-878B-898146F7D387}.Release|Any CPU.Build.0 = Release|Any CPU
		{02943089-505B-4198-8301-C37936E25796}.Debug|Any CPU.ActiveCfg = Debug|Any CPU
		{02943089-505B-4198-8301-C37936E25796}.Debug|Any CPU.Build.0 = Debug|Any CPU
		{02943089-505B-4198-8301-C37936E25796}.Release|Any CPU.ActiveCfg = Release|Any CPU
		{02943089-505B-4198-8301-C37936E25796}.Release|Any CPU.Build.0 = Release|Any CPU
		{2058EA8F-B56B-4322-84BD-4D56D5B3F939}.Debug|Any CPU.ActiveCfg = Debug|Any CPU
		{2058EA8F-B56B-4322-84BD-4D56D5B3F939}.Debug|Any CPU.Build.0 = Debug|Any CPU
		{2058EA8F-B56B-4322-84BD-4D56D5B3F939}.Release|Any CPU.ActiveCfg = Release|Any CPU
		{2058EA8F-B56B-4322-84BD-4D56D5B3F939}.Release|Any CPU.Build.0 = Release|Any CPU
		{DCFB2E31-6C83-45FE-BF71-F127162BC18B}.Debug|Any CPU.ActiveCfg = Debug|Any CPU
		{DCFB2E31-6C83-45FE-BF71-F127162BC18B}.Debug|Any CPU.Build.0 = Debug|Any CPU
		{DCFB2E31-6C83-45FE-BF71-F127162BC18B}.Release|Any CPU.ActiveCfg = Release|Any CPU
		{DCFB2E31-6C83-45FE-BF71-F127162BC18B}.Release|Any CPU.Build.0 = Release|Any CPU
		{D993A4D5-E6B0-4DA1-8970-9BB086636A7E}.Debug|Any CPU.ActiveCfg = Debug|Any CPU
		{D993A4D5-E6B0-4DA1-8970-9BB086636A7E}.Debug|Any CPU.Build.0 = Debug|Any CPU
		{D993A4D5-E6B0-4DA1-8970-9BB086636A7E}.Release|Any CPU.ActiveCfg = Release|Any CPU
		{D993A4D5-E6B0-4DA1-8970-9BB086636A7E}.Release|Any CPU.Build.0 = Release|Any CPU
	EndGlobalSection
	GlobalSection(SolutionProperties) = preSolution
		HideSolutionNode = FALSE
	EndGlobalSection
	GlobalSection(ExtensibilityGlobals) = postSolution
		SolutionGuid = {3E63CD26-9D57-452E-9B92-7B4C3530C904}
	EndGlobalSection
	GlobalSection(NestedProjects) = preSolution
		{D993A4D5-E6B0-4DA1-8970-9BB086636A7E} = {E5074030-58C9-4CC5-B53D-2D48A37D4748}
	EndGlobalSection
EndGlobal
