Microsoft Visual Studio Solution File, Format Version 12.00
# Visual Studio Version 17
VisualStudioVersion = 17.2.32210.308
MinimumVisualStudioVersion = 15.0.26124.0

Project("{2150E333-8FDC-42A3-9474-1A3956D46DE8}") = "Source", "Source", "{ADA87646-86FC-431F-AE05-FE25B01BCD38}"
EndProject
Project("{2150E333-8FDC-42A3-9474-1A3956D46DE8}") = "Platforms", "Platforms", "{8B3B4259-BE16-41BA-B42A-45AF4A2DE55C}"
EndProject
Project("{2150E333-8FDC-42A3-9474-1A3956D46DE8}") = "Backend", "Backend", "{C4F3CA0B-1C78-4572-8FCB-9A321FAA5EE1}"
EndProject
Project("{2150E333-8FDC-42A3-9474-1A3956D46DE8}") = "Tests", "Tests", "{F3E55D8B-E008-4F99-99F8-8BEEDA2A26E3}"
EndProject

Project("{9A19103F-16F7-4668-BE54-9A1E7A4F7556}") = "Client.AppUNO", "Client.AppUNO\Client.AppUNO.csproj", "{88EE003E-BE85-4332-BE64-81ACB6E3A70B}"
EndProject
Project("{9A19103F-16F7-4668-BE54-9A1E7A4F7556}") = "Client.AppUNO.Mobile", "Client.AppUNO.Mobile\Client.AppUNO.Mobile.csproj", "{56F45DEF-01F9-44FA-BC98-E1E9DBEC1E57}"
EndProject
Project("{9A19103F-16F7-4668-BE54-9A1E7A4F7556}") = "Client.AppUNO.Wasm", "Client.AppUNO.Wasm\Client.AppUNO.Wasm.csproj", "{A814088B-5165-4E7B-A0A1-9C2775C487FC}"
EndProject
Project("{9A19103F-16F7-4668-BE54-9A1E7A4F7556}") = "Client.AppUNO.Skia.Gtk", "Client.AppUNO.Skia.Gtk\Client.AppUNO.Skia.Gtk.csproj", "{82EE48BD-27B4-4EDB-989A-03B14DAAC0A9}"
EndProject
Project("{9A19103F-16F7-4668-BE54-9A1E7A4F7556}") = "Client.AppUNO.Windows", "Client.AppUNO.Windows\Client.AppUNO.Windows.csproj", "{3E03E817-7F59-434C-AEA3-7FE6C533D33A}"
EndProject
Project("{9A19103F-16F7-4668-BE54-9A1E7A4F7556}") = "Client.AppUNO.Server", "Client.AppUNO.Server\Client.AppUNO.Server.csproj", "{741E3E70-7CD9-45D2-835A-81E48F051802}"
EndProject
Project("{9A19103F-16F7-4668-BE54-9A1E7A4F7556}") = "Client.AppUNO.DataContracts", "Client.AppUNO.DataContracts\Client.AppUNO.DataContracts.csproj", "{2C6D3A5C-D2F7-47C8-8C9B-AAB158B12A0F}"
EndProject
Project("{9A19103F-16F7-4668-BE54-9A1E7A4F7556}") = "Client.AppUNO.Tests", "Client.AppUNO.Tests\Client.AppUNO.Tests.csproj", "{F589109B-EA2D-4FF5-93CC-8C6C901C6B12}"
EndProject
Project("{9A19103F-16F7-4668-BE54-9A1E7A4F7556}") = "Client.AppUNO.UITests", "Client.AppUNO.UITests\Client.AppUNO.UITests.csproj", "{14A8D0FC-E855-473B-A9B1-1B9E79D64115}"
EndProject

Project("{2150E333-8FDC-42A3-9474-1A3956D46DE8}") = "Solution Items", "Solution Items", "{BADA71DC-7FFD-4EDC-9F28-FB74AEADC713}"
	ProjectSection(SolutionItems) = preProject
		Directory.Build.props = Directory.Build.props
		Directory.Build.targets = Directory.Build.targets
		Directory.Packages.props = Directory.Packages.props
	EndProjectSection
EndProject
Global
	GlobalSection(SolutionConfigurationPlatforms) = preSolution
		Debug|Any CPU = Debug|Any CPU
		Debug|ARM = Debug|ARM
		Debug|ARM64 = Debug|ARM64
		Debug|iPhone = Debug|iPhone
		Debug|iPhoneSimulator = Debug|iPhoneSimulator
		Debug|x64 = Debug|x64
		Debug|x86 = Debug|x86
		Release|Any CPU = Release|Any CPU
		Release|ARM = Release|ARM
		Release|ARM64 = Release|ARM64
		Release|iPhone = Release|iPhone
		Release|iPhoneSimulator = Release|iPhoneSimulator
		Release|x64 = Release|x64
		Release|x86 = Release|x86
	EndGlobalSection
	GlobalSection(ProjectConfigurationPlatforms) = postSolution
		{56F45DEF-01F9-44FA-BC98-E1E9DBEC1E57}.Debug|Any CPU.ActiveCfg = Debug|Any CPU
		{56F45DEF-01F9-44FA-BC98-E1E9DBEC1E57}.Debug|Any CPU.Build.0 = Debug|Any CPU
		{56F45DEF-01F9-44FA-BC98-E1E9DBEC1E57}.Debug|Any CPU.Deploy.0 = Debug|Any CPU
		{56F45DEF-01F9-44FA-BC98-E1E9DBEC1E57}.Debug|ARM.ActiveCfg = Debug|Any CPU
		{56F45DEF-01F9-44FA-BC98-E1E9DBEC1E57}.Debug|ARM.Build.0 = Debug|Any CPU
		{56F45DEF-01F9-44FA-BC98-E1E9DBEC1E57}.Debug|ARM.Deploy.0 = Debug|Any CPU
		{56F45DEF-01F9-44FA-BC98-E1E9DBEC1E57}.Debug|ARM64.ActiveCfg = Debug|Any CPU
		{56F45DEF-01F9-44FA-BC98-E1E9DBEC1E57}.Debug|ARM64.Build.0 = Debug|Any CPU
		{56F45DEF-01F9-44FA-BC98-E1E9DBEC1E57}.Debug|ARM64.Deploy.0 = Debug|Any CPU
		{56F45DEF-01F9-44FA-BC98-E1E9DBEC1E57}.Debug|iPhone.ActiveCfg = Debug|Any CPU
		{56F45DEF-01F9-44FA-BC98-E1E9DBEC1E57}.Debug|iPhone.Build.0 = Debug|Any CPU
		{56F45DEF-01F9-44FA-BC98-E1E9DBEC1E57}.Debug|iPhone.Deploy.0 = Debug|Any CPU
		{56F45DEF-01F9-44FA-BC98-E1E9DBEC1E57}.Debug|iPhoneSimulator.ActiveCfg = Debug|Any CPU
		{56F45DEF-01F9-44FA-BC98-E1E9DBEC1E57}.Debug|iPhoneSimulator.Build.0 = Debug|Any CPU
		{56F45DEF-01F9-44FA-BC98-E1E9DBEC1E57}.Debug|iPhoneSimulator.Deploy.0 = Debug|Any CPU
		{56F45DEF-01F9-44FA-BC98-E1E9DBEC1E57}.Debug|x64.ActiveCfg = Debug|Any CPU
		{56F45DEF-01F9-44FA-BC98-E1E9DBEC1E57}.Debug|x64.Build.0 = Debug|Any CPU
		{56F45DEF-01F9-44FA-BC98-E1E9DBEC1E57}.Debug|x64.Deploy.0 = Debug|Any CPU
		{56F45DEF-01F9-44FA-BC98-E1E9DBEC1E57}.Debug|x86.ActiveCfg = Debug|Any CPU
		{56F45DEF-01F9-44FA-BC98-E1E9DBEC1E57}.Debug|x86.Build.0 = Debug|Any CPU
		{56F45DEF-01F9-44FA-BC98-E1E9DBEC1E57}.Debug|x86.Deploy.0 = Debug|Any CPU
		{56F45DEF-01F9-44FA-BC98-E1E9DBEC1E57}.Release|Any CPU.ActiveCfg = Release|Any CPU
		{56F45DEF-01F9-44FA-BC98-E1E9DBEC1E57}.Release|Any CPU.Build.0 = Release|Any CPU
		{56F45DEF-01F9-44FA-BC98-E1E9DBEC1E57}.Release|Any CPU.Deploy.0 = Release|Any CPU
		{56F45DEF-01F9-44FA-BC98-E1E9DBEC1E57}.Release|ARM.ActiveCfg = Release|Any CPU
		{56F45DEF-01F9-44FA-BC98-E1E9DBEC1E57}.Release|ARM.Build.0 = Release|Any CPU
		{56F45DEF-01F9-44FA-BC98-E1E9DBEC1E57}.Release|ARM.Deploy.0 = Release|Any CPU
		{56F45DEF-01F9-44FA-BC98-E1E9DBEC1E57}.Release|ARM64.ActiveCfg = Release|Any CPU
		{56F45DEF-01F9-44FA-BC98-E1E9DBEC1E57}.Release|ARM64.Build.0 = Release|Any CPU
		{56F45DEF-01F9-44FA-BC98-E1E9DBEC1E57}.Release|ARM64.Deploy.0 = Release|Any CPU
		{56F45DEF-01F9-44FA-BC98-E1E9DBEC1E57}.Release|iPhone.ActiveCfg = Release|Any CPU
		{56F45DEF-01F9-44FA-BC98-E1E9DBEC1E57}.Release|iPhone.Build.0 = Release|Any CPU
		{56F45DEF-01F9-44FA-BC98-E1E9DBEC1E57}.Release|iPhone.Deploy.0 = Release|Any CPU
		{56F45DEF-01F9-44FA-BC98-E1E9DBEC1E57}.Release|iPhoneSimulator.ActiveCfg = Release|Any CPU
		{56F45DEF-01F9-44FA-BC98-E1E9DBEC1E57}.Release|iPhoneSimulator.Build.0 = Release|Any CPU
		{56F45DEF-01F9-44FA-BC98-E1E9DBEC1E57}.Release|iPhoneSimulator.Deploy.0 = Release|Any CPU
		{56F45DEF-01F9-44FA-BC98-E1E9DBEC1E57}.Release|x64.ActiveCfg = Release|Any CPU
		{56F45DEF-01F9-44FA-BC98-E1E9DBEC1E57}.Release|x64.Build.0 = Release|Any CPU
		{56F45DEF-01F9-44FA-BC98-E1E9DBEC1E57}.Release|x64.Deploy.0 = Release|Any CPU
		{56F45DEF-01F9-44FA-BC98-E1E9DBEC1E57}.Release|x86.ActiveCfg = Release|Any CPU
		{56F45DEF-01F9-44FA-BC98-E1E9DBEC1E57}.Release|x86.Build.0 = Release|Any CPU
		{56F45DEF-01F9-44FA-BC98-E1E9DBEC1E57}.Release|x86.Deploy.0 = Release|Any CPU
		{A814088B-5165-4E7B-A0A1-9C2775C487FC}.Debug|Any CPU.ActiveCfg = Debug|Any CPU
		{A814088B-5165-4E7B-A0A1-9C2775C487FC}.Debug|Any CPU.Build.0 = Debug|Any CPU
		{A814088B-5165-4E7B-A0A1-9C2775C487FC}.Debug|ARM.ActiveCfg = Debug|Any CPU
		{A814088B-5165-4E7B-A0A1-9C2775C487FC}.Debug|ARM.Build.0 = Debug|Any CPU
		{A814088B-5165-4E7B-A0A1-9C2775C487FC}.Debug|ARM64.ActiveCfg = Debug|Any CPU
		{A814088B-5165-4E7B-A0A1-9C2775C487FC}.Debug|ARM64.Build.0 = Debug|Any CPU
		{A814088B-5165-4E7B-A0A1-9C2775C487FC}.Debug|iPhone.ActiveCfg = Debug|Any CPU
		{A814088B-5165-4E7B-A0A1-9C2775C487FC}.Debug|iPhone.Build.0 = Debug|Any CPU
		{A814088B-5165-4E7B-A0A1-9C2775C487FC}.Debug|iPhoneSimulator.ActiveCfg = Debug|Any CPU
		{A814088B-5165-4E7B-A0A1-9C2775C487FC}.Debug|iPhoneSimulator.Build.0 = Debug|Any CPU
		{A814088B-5165-4E7B-A0A1-9C2775C487FC}.Debug|x64.ActiveCfg = Debug|Any CPU
		{A814088B-5165-4E7B-A0A1-9C2775C487FC}.Debug|x64.Build.0 = Debug|Any CPU
		{A814088B-5165-4E7B-A0A1-9C2775C487FC}.Debug|x86.ActiveCfg = Debug|Any CPU
		{A814088B-5165-4E7B-A0A1-9C2775C487FC}.Debug|x86.Build.0 = Debug|Any CPU
		{A814088B-5165-4E7B-A0A1-9C2775C487FC}.Release|Any CPU.ActiveCfg = Release|Any CPU
		{A814088B-5165-4E7B-A0A1-9C2775C487FC}.Release|Any CPU.Build.0 = Release|Any CPU
		{A814088B-5165-4E7B-A0A1-9C2775C487FC}.Release|ARM.ActiveCfg = Release|Any CPU
		{A814088B-5165-4E7B-A0A1-9C2775C487FC}.Release|ARM.Build.0 = Release|Any CPU
		{A814088B-5165-4E7B-A0A1-9C2775C487FC}.Release|ARM64.ActiveCfg = Release|Any CPU
		{A814088B-5165-4E7B-A0A1-9C2775C487FC}.Release|ARM64.Build.0 = Release|Any CPU
		{A814088B-5165-4E7B-A0A1-9C2775C487FC}.Release|iPhone.ActiveCfg = Release|Any CPU
		{A814088B-5165-4E7B-A0A1-9C2775C487FC}.Release|iPhone.Build.0 = Release|Any CPU
		{A814088B-5165-4E7B-A0A1-9C2775C487FC}.Release|iPhoneSimulator.ActiveCfg = Release|Any CPU
		{A814088B-5165-4E7B-A0A1-9C2775C487FC}.Release|iPhoneSimulator.Build.0 = Release|Any CPU
		{A814088B-5165-4E7B-A0A1-9C2775C487FC}.Release|x64.ActiveCfg = Release|Any CPU
		{A814088B-5165-4E7B-A0A1-9C2775C487FC}.Release|x64.Build.0 = Release|Any CPU
		{A814088B-5165-4E7B-A0A1-9C2775C487FC}.Release|x86.ActiveCfg = Release|Any CPU
		{A814088B-5165-4E7B-A0A1-9C2775C487FC}.Release|x86.Build.0 = Release|Any CPU
		{82EE48BD-27B4-4EDB-989A-03B14DAAC0A9}.Debug|Any CPU.ActiveCfg = Debug|Any CPU
		{82EE48BD-27B4-4EDB-989A-03B14DAAC0A9}.Debug|Any CPU.Build.0 = Debug|Any CPU
		{82EE48BD-27B4-4EDB-989A-03B14DAAC0A9}.Debug|ARM.ActiveCfg = Debug|Any CPU
		{82EE48BD-27B4-4EDB-989A-03B14DAAC0A9}.Debug|ARM.Build.0 = Debug|Any CPU
		{82EE48BD-27B4-4EDB-989A-03B14DAAC0A9}.Debug|ARM64.ActiveCfg = Debug|Any CPU
		{82EE48BD-27B4-4EDB-989A-03B14DAAC0A9}.Debug|ARM64.Build.0 = Debug|Any CPU
		{82EE48BD-27B4-4EDB-989A-03B14DAAC0A9}.Debug|iPhone.ActiveCfg = Debug|Any CPU
		{82EE48BD-27B4-4EDB-989A-03B14DAAC0A9}.Debug|iPhone.Build.0 = Debug|Any CPU
		{82EE48BD-27B4-4EDB-989A-03B14DAAC0A9}.Debug|iPhoneSimulator.ActiveCfg = Debug|Any CPU
		{82EE48BD-27B4-4EDB-989A-03B14DAAC0A9}.Debug|iPhoneSimulator.Build.0 = Debug|Any CPU
		{82EE48BD-27B4-4EDB-989A-03B14DAAC0A9}.Debug|x64.ActiveCfg = Debug|Any CPU
		{82EE48BD-27B4-4EDB-989A-03B14DAAC0A9}.Debug|x64.Build.0 = Debug|Any CPU
		{82EE48BD-27B4-4EDB-989A-03B14DAAC0A9}.Debug|x86.ActiveCfg = Debug|Any CPU
		{82EE48BD-27B4-4EDB-989A-03B14DAAC0A9}.Debug|x86.Build.0 = Debug|Any CPU
		{82EE48BD-27B4-4EDB-989A-03B14DAAC0A9}.Release|Any CPU.ActiveCfg = Release|Any CPU
		{82EE48BD-27B4-4EDB-989A-03B14DAAC0A9}.Release|Any CPU.Build.0 = Release|Any CPU
		{82EE48BD-27B4-4EDB-989A-03B14DAAC0A9}.Release|ARM.ActiveCfg = Release|Any CPU
		{82EE48BD-27B4-4EDB-989A-03B14DAAC0A9}.Release|ARM.Build.0 = Release|Any CPU
		{82EE48BD-27B4-4EDB-989A-03B14DAAC0A9}.Release|ARM64.ActiveCfg = Release|Any CPU
		{82EE48BD-27B4-4EDB-989A-03B14DAAC0A9}.Release|ARM64.Build.0 = Release|Any CPU
		{82EE48BD-27B4-4EDB-989A-03B14DAAC0A9}.Release|iPhone.ActiveCfg = Release|Any CPU
		{82EE48BD-27B4-4EDB-989A-03B14DAAC0A9}.Release|iPhone.Build.0 = Release|Any CPU
		{82EE48BD-27B4-4EDB-989A-03B14DAAC0A9}.Release|iPhoneSimulator.ActiveCfg = Release|Any CPU
		{82EE48BD-27B4-4EDB-989A-03B14DAAC0A9}.Release|iPhoneSimulator.Build.0 = Release|Any CPU
		{82EE48BD-27B4-4EDB-989A-03B14DAAC0A9}.Release|x64.ActiveCfg = Release|Any CPU
		{82EE48BD-27B4-4EDB-989A-03B14DAAC0A9}.Release|x64.Build.0 = Release|Any CPU
		{82EE48BD-27B4-4EDB-989A-03B14DAAC0A9}.Release|x86.ActiveCfg = Release|Any CPU
		{82EE48BD-27B4-4EDB-989A-03B14DAAC0A9}.Release|x86.Build.0 = Release|Any CPU
		{741E3E70-7CD9-45D2-835A-81E48F051802}.Debug|Any CPU.ActiveCfg = Debug|Any CPU
		{741E3E70-7CD9-45D2-835A-81E48F051802}.Debug|Any CPU.Build.0 = Debug|Any CPU
		{741E3E70-7CD9-45D2-835A-81E48F051802}.Debug|ARM.ActiveCfg = Debug|Any CPU
		{741E3E70-7CD9-45D2-835A-81E48F051802}.Debug|ARM.Build.0 = Debug|Any CPU
		{741E3E70-7CD9-45D2-835A-81E48F051802}.Debug|ARM64.ActiveCfg = Debug|Any CPU
		{741E3E70-7CD9-45D2-835A-81E48F051802}.Debug|ARM64.Build.0 = Debug|Any CPU
		{741E3E70-7CD9-45D2-835A-81E48F051802}.Debug|iPhone.ActiveCfg = Debug|Any CPU
		{741E3E70-7CD9-45D2-835A-81E48F051802}.Debug|iPhone.Build.0 = Debug|Any CPU
		{741E3E70-7CD9-45D2-835A-81E48F051802}.Debug|iPhoneSimulator.ActiveCfg = Debug|Any CPU
		{741E3E70-7CD9-45D2-835A-81E48F051802}.Debug|iPhoneSimulator.Build.0 = Debug|Any CPU
		{741E3E70-7CD9-45D2-835A-81E48F051802}.Debug|x64.ActiveCfg = Debug|Any CPU
		{741E3E70-7CD9-45D2-835A-81E48F051802}.Debug|x64.Build.0 = Debug|Any CPU
		{741E3E70-7CD9-45D2-835A-81E48F051802}.Debug|x86.ActiveCfg = Debug|Any CPU
		{741E3E70-7CD9-45D2-835A-81E48F051802}.Debug|x86.Build.0 = Debug|Any CPU
		{741E3E70-7CD9-45D2-835A-81E48F051802}.Release|Any CPU.ActiveCfg = Release|Any CPU
		{741E3E70-7CD9-45D2-835A-81E48F051802}.Release|Any CPU.Build.0 = Release|Any CPU
		{741E3E70-7CD9-45D2-835A-81E48F051802}.Release|ARM.ActiveCfg = Release|Any CPU
		{741E3E70-7CD9-45D2-835A-81E48F051802}.Release|ARM.Build.0 = Release|Any CPU
		{741E3E70-7CD9-45D2-835A-81E48F051802}.Release|ARM64.ActiveCfg = Release|Any CPU
		{741E3E70-7CD9-45D2-835A-81E48F051802}.Release|ARM64.Build.0 = Release|Any CPU
		{741E3E70-7CD9-45D2-835A-81E48F051802}.Release|iPhone.ActiveCfg = Release|Any CPU
		{741E3E70-7CD9-45D2-835A-81E48F051802}.Release|iPhone.Build.0 = Release|Any CPU
		{741E3E70-7CD9-45D2-835A-81E48F051802}.Release|iPhoneSimulator.ActiveCfg = Release|Any CPU
		{741E3E70-7CD9-45D2-835A-81E48F051802}.Release|iPhoneSimulator.Build.0 = Release|Any CPU
		{741E3E70-7CD9-45D2-835A-81E48F051802}.Release|x64.ActiveCfg = Release|Any CPU
		{741E3E70-7CD9-45D2-835A-81E48F051802}.Release|x64.Build.0 = Release|Any CPU
		{741E3E70-7CD9-45D2-835A-81E48F051802}.Release|x86.ActiveCfg = Release|Any CPU
		{741E3E70-7CD9-45D2-835A-81E48F051802}.Release|x86.Build.0 = Release|Any CPU
		{2C6D3A5C-D2F7-47C8-8C9B-AAB158B12A0F}.Debug|Any CPU.ActiveCfg = Debug|Any CPU
		{2C6D3A5C-D2F7-47C8-8C9B-AAB158B12A0F}.Debug|Any CPU.Build.0 = Debug|Any CPU
		{2C6D3A5C-D2F7-47C8-8C9B-AAB158B12A0F}.Debug|ARM.ActiveCfg = Debug|Any CPU
		{2C6D3A5C-D2F7-47C8-8C9B-AAB158B12A0F}.Debug|ARM.Build.0 = Debug|Any CPU
		{2C6D3A5C-D2F7-47C8-8C9B-AAB158B12A0F}.Debug|ARM64.ActiveCfg = Debug|Any CPU
		{2C6D3A5C-D2F7-47C8-8C9B-AAB158B12A0F}.Debug|ARM64.Build.0 = Debug|Any CPU
		{2C6D3A5C-D2F7-47C8-8C9B-AAB158B12A0F}.Debug|iPhone.ActiveCfg = Debug|Any CPU
		{2C6D3A5C-D2F7-47C8-8C9B-AAB158B12A0F}.Debug|iPhone.Build.0 = Debug|Any CPU
		{2C6D3A5C-D2F7-47C8-8C9B-AAB158B12A0F}.Debug|iPhoneSimulator.ActiveCfg = Debug|Any CPU
		{2C6D3A5C-D2F7-47C8-8C9B-AAB158B12A0F}.Debug|iPhoneSimulator.Build.0 = Debug|Any CPU
		{2C6D3A5C-D2F7-47C8-8C9B-AAB158B12A0F}.Debug|x64.ActiveCfg = Debug|Any CPU
		{2C6D3A5C-D2F7-47C8-8C9B-AAB158B12A0F}.Debug|x64.Build.0 = Debug|Any CPU
		{2C6D3A5C-D2F7-47C8-8C9B-AAB158B12A0F}.Debug|x86.ActiveCfg = Debug|Any CPU
		{2C6D3A5C-D2F7-47C8-8C9B-AAB158B12A0F}.Debug|x86.Build.0 = Debug|Any CPU
		{2C6D3A5C-D2F7-47C8-8C9B-AAB158B12A0F}.Release|Any CPU.ActiveCfg = Release|Any CPU
		{2C6D3A5C-D2F7-47C8-8C9B-AAB158B12A0F}.Release|Any CPU.Build.0 = Release|Any CPU
		{2C6D3A5C-D2F7-47C8-8C9B-AAB158B12A0F}.Release|ARM.ActiveCfg = Release|Any CPU
		{2C6D3A5C-D2F7-47C8-8C9B-AAB158B12A0F}.Release|ARM.Build.0 = Release|Any CPU
		{2C6D3A5C-D2F7-47C8-8C9B-AAB158B12A0F}.Release|ARM64.ActiveCfg = Release|Any CPU
		{2C6D3A5C-D2F7-47C8-8C9B-AAB158B12A0F}.Release|ARM64.Build.0 = Release|Any CPU
		{2C6D3A5C-D2F7-47C8-8C9B-AAB158B12A0F}.Release|iPhone.ActiveCfg = Release|Any CPU
		{2C6D3A5C-D2F7-47C8-8C9B-AAB158B12A0F}.Release|iPhone.Build.0 = Release|Any CPU
		{2C6D3A5C-D2F7-47C8-8C9B-AAB158B12A0F}.Release|iPhoneSimulator.ActiveCfg = Release|Any CPU
		{2C6D3A5C-D2F7-47C8-8C9B-AAB158B12A0F}.Release|iPhoneSimulator.Build.0 = Release|Any CPU
		{2C6D3A5C-D2F7-47C8-8C9B-AAB158B12A0F}.Release|x64.ActiveCfg = Release|Any CPU
		{2C6D3A5C-D2F7-47C8-8C9B-AAB158B12A0F}.Release|x64.Build.0 = Release|Any CPU
		{2C6D3A5C-D2F7-47C8-8C9B-AAB158B12A0F}.Release|x86.ActiveCfg = Release|Any CPU
		{2C6D3A5C-D2F7-47C8-8C9B-AAB158B12A0F}.Release|x86.Build.0 = Release|Any CPU
		{88EE003E-BE85-4332-BE64-81ACB6E3A70B}.Debug|Any CPU.ActiveCfg = Debug|Any CPU
		{88EE003E-BE85-4332-BE64-81ACB6E3A70B}.Debug|Any CPU.Build.0 = Debug|Any CPU
		{88EE003E-BE85-4332-BE64-81ACB6E3A70B}.Debug|ARM.ActiveCfg = Debug|Any CPU
		{88EE003E-BE85-4332-BE64-81ACB6E3A70B}.Debug|ARM.Build.0 = Debug|Any CPU
		{88EE003E-BE85-4332-BE64-81ACB6E3A70B}.Debug|ARM64.ActiveCfg = Debug|Any CPU
		{88EE003E-BE85-4332-BE64-81ACB6E3A70B}.Debug|ARM64.Build.0 = Debug|Any CPU
		{88EE003E-BE85-4332-BE64-81ACB6E3A70B}.Debug|iPhone.ActiveCfg = Debug|Any CPU
		{88EE003E-BE85-4332-BE64-81ACB6E3A70B}.Debug|iPhone.Build.0 = Debug|Any CPU
		{88EE003E-BE85-4332-BE64-81ACB6E3A70B}.Debug|iPhoneSimulator.ActiveCfg = Debug|Any CPU
		{88EE003E-BE85-4332-BE64-81ACB6E3A70B}.Debug|iPhoneSimulator.Build.0 = Debug|Any CPU
		{88EE003E-BE85-4332-BE64-81ACB6E3A70B}.Debug|x64.ActiveCfg = Debug|Any CPU
		{88EE003E-BE85-4332-BE64-81ACB6E3A70B}.Debug|x64.Build.0 = Debug|Any CPU
		{88EE003E-BE85-4332-BE64-81ACB6E3A70B}.Debug|x86.ActiveCfg = Debug|Any CPU
		{88EE003E-BE85-4332-BE64-81ACB6E3A70B}.Debug|x86.Build.0 = Debug|Any CPU
		{88EE003E-BE85-4332-BE64-81ACB6E3A70B}.Release|Any CPU.ActiveCfg = Release|Any CPU
		{88EE003E-BE85-4332-BE64-81ACB6E3A70B}.Release|Any CPU.Build.0 = Release|Any CPU
		{88EE003E-BE85-4332-BE64-81ACB6E3A70B}.Release|ARM.ActiveCfg = Release|Any CPU
		{88EE003E-BE85-4332-BE64-81ACB6E3A70B}.Release|ARM.Build.0 = Release|Any CPU
		{88EE003E-BE85-4332-BE64-81ACB6E3A70B}.Release|ARM64.ActiveCfg = Release|Any CPU
		{88EE003E-BE85-4332-BE64-81ACB6E3A70B}.Release|ARM64.Build.0 = Release|Any CPU
		{88EE003E-BE85-4332-BE64-81ACB6E3A70B}.Release|iPhone.ActiveCfg = Release|Any CPU
		{88EE003E-BE85-4332-BE64-81ACB6E3A70B}.Release|iPhone.Build.0 = Release|Any CPU
		{88EE003E-BE85-4332-BE64-81ACB6E3A70B}.Release|iPhoneSimulator.ActiveCfg = Release|Any CPU
		{88EE003E-BE85-4332-BE64-81ACB6E3A70B}.Release|iPhoneSimulator.Build.0 = Release|Any CPU
		{88EE003E-BE85-4332-BE64-81ACB6E3A70B}.Release|x64.ActiveCfg = Release|Any CPU
		{88EE003E-BE85-4332-BE64-81ACB6E3A70B}.Release|x64.Build.0 = Release|Any CPU
		{88EE003E-BE85-4332-BE64-81ACB6E3A70B}.Release|x86.ActiveCfg = Release|Any CPU
		{88EE003E-BE85-4332-BE64-81ACB6E3A70B}.Release|x86.Build.0 = Release|Any CPU
		{F589109B-EA2D-4FF5-93CC-8C6C901C6B12}.Debug|Any CPU.ActiveCfg = Debug|Any CPU
		{F589109B-EA2D-4FF5-93CC-8C6C901C6B12}.Debug|Any CPU.Build.0 = Debug|Any CPU
		{F589109B-EA2D-4FF5-93CC-8C6C901C6B12}.Debug|ARM.ActiveCfg = Debug|Any CPU
		{F589109B-EA2D-4FF5-93CC-8C6C901C6B12}.Debug|ARM.Build.0 = Debug|Any CPU
		{F589109B-EA2D-4FF5-93CC-8C6C901C6B12}.Debug|ARM64.ActiveCfg = Debug|Any CPU
		{F589109B-EA2D-4FF5-93CC-8C6C901C6B12}.Debug|ARM64.Build.0 = Debug|Any CPU
		{F589109B-EA2D-4FF5-93CC-8C6C901C6B12}.Debug|iPhone.ActiveCfg = Debug|Any CPU
		{F589109B-EA2D-4FF5-93CC-8C6C901C6B12}.Debug|iPhone.Build.0 = Debug|Any CPU
		{F589109B-EA2D-4FF5-93CC-8C6C901C6B12}.Debug|iPhoneSimulator.ActiveCfg = Debug|Any CPU
		{F589109B-EA2D-4FF5-93CC-8C6C901C6B12}.Debug|iPhoneSimulator.Build.0 = Debug|Any CPU
		{F589109B-EA2D-4FF5-93CC-8C6C901C6B12}.Debug|x64.ActiveCfg = Debug|Any CPU
		{F589109B-EA2D-4FF5-93CC-8C6C901C6B12}.Debug|x64.Build.0 = Debug|Any CPU
		{F589109B-EA2D-4FF5-93CC-8C6C901C6B12}.Debug|x86.ActiveCfg = Debug|Any CPU
		{F589109B-EA2D-4FF5-93CC-8C6C901C6B12}.Debug|x86.Build.0 = Debug|Any CPU
		{F589109B-EA2D-4FF5-93CC-8C6C901C6B12}.Release|Any CPU.ActiveCfg = Release|Any CPU
		{F589109B-EA2D-4FF5-93CC-8C6C901C6B12}.Release|Any CPU.Build.0 = Release|Any CPU
		{F589109B-EA2D-4FF5-93CC-8C6C901C6B12}.Release|ARM.ActiveCfg = Release|Any CPU
		{F589109B-EA2D-4FF5-93CC-8C6C901C6B12}.Release|ARM.Build.0 = Release|Any CPU
		{F589109B-EA2D-4FF5-93CC-8C6C901C6B12}.Release|ARM64.ActiveCfg = Release|Any CPU
		{F589109B-EA2D-4FF5-93CC-8C6C901C6B12}.Release|ARM64.Build.0 = Release|Any CPU
		{F589109B-EA2D-4FF5-93CC-8C6C901C6B12}.Release|iPhone.ActiveCfg = Release|Any CPU
		{F589109B-EA2D-4FF5-93CC-8C6C901C6B12}.Release|iPhone.Build.0 = Release|Any CPU
		{F589109B-EA2D-4FF5-93CC-8C6C901C6B12}.Release|iPhoneSimulator.ActiveCfg = Release|Any CPU
		{F589109B-EA2D-4FF5-93CC-8C6C901C6B12}.Release|iPhoneSimulator.Build.0 = Release|Any CPU
		{F589109B-EA2D-4FF5-93CC-8C6C901C6B12}.Release|x64.ActiveCfg = Release|Any CPU
		{F589109B-EA2D-4FF5-93CC-8C6C901C6B12}.Release|x64.Build.0 = Release|Any CPU
		{F589109B-EA2D-4FF5-93CC-8C6C901C6B12}.Release|x86.ActiveCfg = Release|Any CPU
		{F589109B-EA2D-4FF5-93CC-8C6C901C6B12}.Release|x86.Build.0 = Release|Any CPU
		{14A8D0FC-E855-473B-A9B1-1B9E79D64115}.Debug|Any CPU.ActiveCfg = Debug|Any CPU
		{14A8D0FC-E855-473B-A9B1-1B9E79D64115}.Debug|Any CPU.Build.0 = Debug|Any CPU
		{14A8D0FC-E855-473B-A9B1-1B9E79D64115}.Debug|ARM.ActiveCfg = Debug|Any CPU
		{14A8D0FC-E855-473B-A9B1-1B9E79D64115}.Debug|ARM.Build.0 = Debug|Any CPU
		{14A8D0FC-E855-473B-A9B1-1B9E79D64115}.Debug|ARM64.ActiveCfg = Debug|Any CPU
		{14A8D0FC-E855-473B-A9B1-1B9E79D64115}.Debug|ARM64.Build.0 = Debug|Any CPU
		{14A8D0FC-E855-473B-A9B1-1B9E79D64115}.Debug|iPhone.ActiveCfg = Debug|Any CPU
		{14A8D0FC-E855-473B-A9B1-1B9E79D64115}.Debug|iPhone.Build.0 = Debug|Any CPU
		{14A8D0FC-E855-473B-A9B1-1B9E79D64115}.Debug|iPhoneSimulator.ActiveCfg = Debug|Any CPU
		{14A8D0FC-E855-473B-A9B1-1B9E79D64115}.Debug|iPhoneSimulator.Build.0 = Debug|Any CPU
		{14A8D0FC-E855-473B-A9B1-1B9E79D64115}.Debug|x64.ActiveCfg = Debug|Any CPU
		{14A8D0FC-E855-473B-A9B1-1B9E79D64115}.Debug|x64.Build.0 = Debug|Any CPU
		{14A8D0FC-E855-473B-A9B1-1B9E79D64115}.Debug|x86.ActiveCfg = Debug|Any CPU
		{14A8D0FC-E855-473B-A9B1-1B9E79D64115}.Debug|x86.Build.0 = Debug|Any CPU
		{14A8D0FC-E855-473B-A9B1-1B9E79D64115}.Release|Any CPU.ActiveCfg = Release|Any CPU
		{14A8D0FC-E855-473B-A9B1-1B9E79D64115}.Release|Any CPU.Build.0 = Release|Any CPU
		{14A8D0FC-E855-473B-A9B1-1B9E79D64115}.Release|ARM.ActiveCfg = Release|Any CPU
		{14A8D0FC-E855-473B-A9B1-1B9E79D64115}.Release|ARM.Build.0 = Release|Any CPU
		{14A8D0FC-E855-473B-A9B1-1B9E79D64115}.Release|ARM64.ActiveCfg = Release|Any CPU
		{14A8D0FC-E855-473B-A9B1-1B9E79D64115}.Release|ARM64.Build.0 = Release|Any CPU
		{14A8D0FC-E855-473B-A9B1-1B9E79D64115}.Release|iPhone.ActiveCfg = Release|Any CPU
		{14A8D0FC-E855-473B-A9B1-1B9E79D64115}.Release|iPhone.Build.0 = Release|Any CPU
		{14A8D0FC-E855-473B-A9B1-1B9E79D64115}.Release|iPhoneSimulator.ActiveCfg = Release|Any CPU
		{14A8D0FC-E855-473B-A9B1-1B9E79D64115}.Release|iPhoneSimulator.Build.0 = Release|Any CPU
		{14A8D0FC-E855-473B-A9B1-1B9E79D64115}.Release|x64.ActiveCfg = Release|Any CPU
		{14A8D0FC-E855-473B-A9B1-1B9E79D64115}.Release|x64.Build.0 = Release|Any CPU
		{14A8D0FC-E855-473B-A9B1-1B9E79D64115}.Release|x86.ActiveCfg = Release|Any CPU
		{14A8D0FC-E855-473B-A9B1-1B9E79D64115}.Release|x86.Build.0 = Release|Any CPU
		{3E03E817-7F59-434C-AEA3-7FE6C533D33A}.Debug|Any CPU.ActiveCfg = Debug|x64
		{3E03E817-7F59-434C-AEA3-7FE6C533D33A}.Debug|Any CPU.Build.0 = Debug|x64
		{3E03E817-7F59-434C-AEA3-7FE6C533D33A}.Debug|Any CPU.Deploy.0 = Debug|x64
		{3E03E817-7F59-434C-AEA3-7FE6C533D33A}.Debug|ARM.ActiveCfg = Debug|x64
		{3E03E817-7F59-434C-AEA3-7FE6C533D33A}.Debug|ARM.Build.0 = Debug|x64
		{3E03E817-7F59-434C-AEA3-7FE6C533D33A}.Debug|ARM.Deploy.0 = Debug|x64
		{3E03E817-7F59-434C-AEA3-7FE6C533D33A}.Debug|ARM64.ActiveCfg = Debug|arm64
		{3E03E817-7F59-434C-AEA3-7FE6C533D33A}.Debug|ARM64.Build.0 = Debug|arm64
		{3E03E817-7F59-434C-AEA3-7FE6C533D33A}.Debug|ARM64.Deploy.0 = Debug|arm64
		{3E03E817-7F59-434C-AEA3-7FE6C533D33A}.Debug|iPhone.ActiveCfg = Debug|x64
		{3E03E817-7F59-434C-AEA3-7FE6C533D33A}.Debug|iPhone.Build.0 = Debug|x64
		{3E03E817-7F59-434C-AEA3-7FE6C533D33A}.Debug|iPhone.Deploy.0 = Debug|x64
		{3E03E817-7F59-434C-AEA3-7FE6C533D33A}.Debug|iPhoneSimulator.ActiveCfg = Debug|x64
		{3E03E817-7F59-434C-AEA3-7FE6C533D33A}.Debug|iPhoneSimulator.Build.0 = Debug|x64
		{3E03E817-7F59-434C-AEA3-7FE6C533D33A}.Debug|iPhoneSimulator.Deploy.0 = Debug|x64
		{3E03E817-7F59-434C-AEA3-7FE6C533D33A}.Debug|x64.ActiveCfg = Debug|x64
		{3E03E817-7F59-434C-AEA3-7FE6C533D33A}.Debug|x64.Build.0 = Debug|x64
		{3E03E817-7F59-434C-AEA3-7FE6C533D33A}.Debug|x86.ActiveCfg = Debug|x86
		{3E03E817-7F59-434C-AEA3-7FE6C533D33A}.Debug|x86.Build.0 = Debug|x86
		{3E03E817-7F59-434C-AEA3-7FE6C533D33A}.Release|Any CPU.ActiveCfg = Release|x64
		{3E03E817-7F59-434C-AEA3-7FE6C533D33A}.Release|Any CPU.Build.0 = Release|x64
		{3E03E817-7F59-434C-AEA3-7FE6C533D33A}.Release|Any CPU.Deploy.0 = Release|x64
		{3E03E817-7F59-434C-AEA3-7FE6C533D33A}.Release|ARM.ActiveCfg = Release|x64
		{3E03E817-7F59-434C-AEA3-7FE6C533D33A}.Release|ARM.Build.0 = Release|x64
		{3E03E817-7F59-434C-AEA3-7FE6C533D33A}.Release|ARM64.ActiveCfg = Release|arm64
		{3E03E817-7F59-434C-AEA3-7FE6C533D33A}.Release|ARM64.Build.0 = Release|arm64
		{3E03E817-7F59-434C-AEA3-7FE6C533D33A}.Release|iPhone.ActiveCfg = Release|x64
		{3E03E817-7F59-434C-AEA3-7FE6C533D33A}.Release|iPhone.Build.0 = Release|x64
		{3E03E817-7F59-434C-AEA3-7FE6C533D33A}.Release|iPhoneSimulator.ActiveCfg = Release|x64
		{3E03E817-7F59-434C-AEA3-7FE6C533D33A}.Release|iPhoneSimulator.Build.0 = Release|x64
		{3E03E817-7F59-434C-AEA3-7FE6C533D33A}.Release|x64.ActiveCfg = Release|x64
		{3E03E817-7F59-434C-AEA3-7FE6C533D33A}.Release|x64.Build.0 = Release|x64
		{3E03E817-7F59-434C-AEA3-7FE6C533D33A}.Release|x86.ActiveCfg = Release|x86
		{3E03E817-7F59-434C-AEA3-7FE6C533D33A}.Release|x86.Build.0 = Release|x86
	EndGlobalSection
	GlobalSection(SolutionProperties) = preSolution
		HideSolutionNode = FALSE
	EndGlobalSection
	GlobalSection(NestedProjects) = preSolution
		{88EE003E-BE85-4332-BE64-81ACB6E3A70B} = {ADA87646-86FC-431F-AE05-FE25B01BCD38}
		{2C6D3A5C-D2F7-47C8-8C9B-AAB158B12A0F} = {ADA87646-86FC-431F-AE05-FE25B01BCD38}
		{8B3B4259-BE16-41BA-B42A-45AF4A2DE55C} = {ADA87646-86FC-431F-AE05-FE25B01BCD38}
		{C4F3CA0B-1C78-4572-8FCB-9A321FAA5EE1} = {ADA87646-86FC-431F-AE05-FE25B01BCD38}
		{56F45DEF-01F9-44FA-BC98-E1E9DBEC1E57} = {8B3B4259-BE16-41BA-B42A-45AF4A2DE55C}
		{A814088B-5165-4E7B-A0A1-9C2775C487FC} = {8B3B4259-BE16-41BA-B42A-45AF4A2DE55C}
		{82EE48BD-27B4-4EDB-989A-03B14DAAC0A9} = {8B3B4259-BE16-41BA-B42A-45AF4A2DE55C}
		{3E03E817-7F59-434C-AEA3-7FE6C533D33A} = {8B3B4259-BE16-41BA-B42A-45AF4A2DE55C}
		{741E3E70-7CD9-45D2-835A-81E48F051802} = {C4F3CA0B-1C78-4572-8FCB-9A321FAA5EE1}
		{F589109B-EA2D-4FF5-93CC-8C6C901C6B12} = {F3E55D8B-E008-4F99-99F8-8BEEDA2A26E3}
		{14A8D0FC-E855-473B-A9B1-1B9E79D64115} = {F3E55D8B-E008-4F99-99F8-8BEEDA2A26E3}
	EndGlobalSection
	GlobalSection(ExtensibilityGlobals) = postSolution
		SolutionGuid = {D5487906-749B-46CF-8E64-E5E8F2146A40}
	EndGlobalSection
EndGlobal
