Microsoft Visual Studio Solution File, Format Version 12.00
# Visual Studio Version 17
VisualStudioVersion = 17.8.0.0
MinimumVisualStudioVersion = 17.8.0.0
Project("{9A19103F-16F7-4668-BE54-9A1E7A4F7556}") = "SampleAspireStarter.AppHost", "SampleAspireStarter.AppHost\SampleAspireStarter.AppHost.csproj", "{C2132124-9205-4176-A86E-043E6838B8FF}"
EndProject
Project("{9A19103F-16F7-4668-BE54-9A1E7A4F7556}") = "SampleAspireStarter.ServiceDefaults", "SampleAspireStarter.ServiceDefaults\SampleAspireStarter.ServiceDefaults.csproj", "{99EA3D12-3A8F-43E9-8D1F-C0B43C455525}"
EndProject
Project("{9A19103F-16F7-4668-BE54-9A1E7A4F7556}") = "SampleAspireStarter.ApiService", "SampleAspireStarter.ApiService\SampleAspireStarter.ApiService.csproj", "{41E0CDDA-6311-424C-813C-CA4112AA86D8}"
EndProject
Project("{9A19103F-16F7-4668-BE54-9A1E7A4F7556}") = "SampleAspireStarter.Web", "SampleAspireStarter.Web\SampleAspireStarter.Web.csproj", "{4BB43070-305A-419F-A21B-6B73AE49E4B6}"
EndProject
Project("{2150E333-8FDC-42A3-9474-1A3956D46DE8}") = "Clients", "Clients", "{EA3C4D3D-2EA7-46FE-ACE0-52924B5532A2}"
EndProject
Project("{9A19103F-16F7-4668-BE54-9A1E7A4F7556}") = "Client.AppMAUI", "Clients\Client.AppMAUI\Client.AppMAUI.csproj", "{7C72C131-0A66-4ADE-97C9-293F6896B624}"
EndProject
Project("{2150E333-8FDC-42A3-9474-1A3956D46DE8}") = "Client.AppUNO", "Client.AppUNO", "{65207F9C-B5B6-4384-8D81-8FD05A27C266}"
EndProject
Project("{2150E333-8FDC-42A3-9474-1A3956D46DE8}") = "Client.AppAvaloniaUI.XPlat", "Client.AppAvaloniaUI.XPlat", "{F4572342-813B-49F5-81B3-915E2EE75143}"
EndProject
Project("{9A19103F-16F7-4668-BE54-9A1E7A4F7556}") = "Client.AppAvalonia.XPlat", "Clients\Client.AppAvalonia.XPlat\Client.AppAvalonia.XPlat\Client.AppAvalonia.XPlat.csproj", "{51359C84-FF20-4602-B9BB-03F20A7BEDEF}"
EndProject
Project("{9A19103F-16F7-4668-BE54-9A1E7A4F7556}") = "Client.AppAvalonia.XPlat.iOS", "Clients\Client.AppAvalonia.XPlat\Client.AppAvalonia.XPlat.iOS\Client.AppAvalonia.XPlat.iOS.csproj", "{E29CCC1A-25A9-4FE6-964F-50E624F7277A}"
EndProject
Project("{9A19103F-16F7-4668-BE54-9A1E7A4F7556}") = "Client.AppAvalonia.XPlat.Desktop", "Clients\Client.AppAvalonia.XPlat\Client.AppAvalonia.XPlat.Desktop\Client.AppAvalonia.XPlat.Desktop.csproj", "{E6A3BBD5-7CBF-4414-85E6-689C3DCD4297}"
EndProject
Project("{9A19103F-16F7-4668-BE54-9A1E7A4F7556}") = "Client.AppAvalonia.XPlat.Browser", "Clients\Client.AppAvalonia.XPlat\Client.AppAvalonia.XPlat.Browser\Client.AppAvalonia.XPlat.Browser.csproj", "{9C2F05C6-3A73-4411-B12E-D95816E076CF}"
EndProject
Project("{9A19103F-16F7-4668-BE54-9A1E7A4F7556}") = "Client.AppAvalonia.XPlat.Android", "Clients\Client.AppAvalonia.XPlat\Client.AppAvalonia.XPlat.Android\Client.AppAvalonia.XPlat.Android.csproj", "{86EA6EC7-2A32-4EB7-AB17-24C561208BA9}"
EndProject
Project("{9A19103F-16F7-4668-BE54-9A1E7A4F7556}") = "Client.AppConsole", "Clients\Client.AppConsole\Client.AppConsole.csproj", "{124354B0-F839-4561-8D6D-C1E53C3016A4}"
EndProject
Project("{9A19103F-16F7-4668-BE54-9A1E7A4F7556}") = "Client.AppConsole.InfiniteLoop", "Clients\Client.AppConsole.InfiniteLoop\Client.AppConsole.InfiniteLoop.csproj", "{3EFC1A5E-8B36-4782-A77E-EB51C65940D4}"
EndProject
Project("{9A19103F-16F7-4668-BE54-9A1E7A4F7556}") = "Client.AppConsole.SelfHosted.With.Configuration", "Clients\Client.AppConsole.SelfHosted.With.Configuration\Client.AppConsole.SelfHosted.With.Configuration.csproj", "{7B4A84D0-FB92-4193-A5D9-D650DDB92254}"
EndProject
Project("{9A19103F-16F7-4668-BE54-9A1E7A4F7556}") = "Client.AppConsole.SelfHosted.InfiniteLoop", "Clients\Client.AppConsole.SelfHosted.InfiniteLoop\Client.AppConsole.SelfHosted.InfiniteLoop.csproj", "{D600000A-CDAF-4D4E-BC9E-C7B46C509C88}"
EndProject
Project("{9A19103F-16F7-4668-BE54-9A1E7A4F7556}") = "Client.AppConsole.With.OpenTelemetry", "Clients\Client.AppConsole.With.OpenTelemetry\Client.AppConsole.With.OpenTelemetry.csproj", "{4E9684DC-1CFF-4D08-97EB-FC802F7B50A5}"
EndProject
Project("{9A19103F-16F7-4668-BE54-9A1E7A4F7556}") = "Client.AppConsole.Configuration", "Clients\Client.AppConsole.Configuration\Client.AppConsole.Configuration.csproj", "{28BB456B-863D-47A6-9CC5-A564664B68FA}"
EndProject
Project("{9A19103F-16F7-4668-BE54-9A1E7A4F7556}") = "Client.AppConsole.Configuration.NotNot.AppSettings", "Clients\Client.AppConsole.Configuration.NotNot.AppSettings\Client.AppConsole.Configuration.NotNot.AppSettings.csproj", "{BA9DEAC5-2FBC-4C2E-80C8-565989C6460B}"
EndProject
Project("{9A19103F-16F7-4668-BE54-9A1E7A4F7556}") = "Client.AppConsole.SelfHosted.With.OpenTelemetry", "Clients\Client.AppConsole.SelfHosted.With.OpenTelemetry\Client.AppConsole.SelfHosted.With.OpenTelemetry.csproj", "{3C92EE41-504A-47C9-9ECC-0F321471310D}"
EndProject
Project("{9A19103F-16F7-4668-BE54-9A1E7A4F7556}") = "Clients.AppDefaults", "Clients\Clients.AppDefaults\Clients.AppDefaults.csproj", "{9BC5A886-C275-44F4-A8E4-3097A1DAB5AE}"
EndProject
Project("{9A19103F-16F7-4668-BE54-9A1E7A4F7556}") = "Client.AppWPF.Hosting", "Clients\Client.AppWPF.Hosting\Client.AppWPF.Hosting.csproj", "{AC599D0C-F3EB-4509-A8E2-75509B02C2CC}"
EndProject
Project("{9A19103F-16F7-4668-BE54-9A1E7A4F7556}") = "Client.AppWinForms.Hosting", "Clients\Client.AppWinForms.Hosting\Client.AppWinForms.Hosting.csproj", "{2A8D3E6B-4867-4FDD-A7C7-0ED4F55EF3C2}"
EndProject
Project("{9A19103F-16F7-4668-BE54-9A1E7A4F7556}") = "Client.AppWinForms", "Clients\Client.AppWinForms\Client.AppWinForms.csproj", "{C1E0C173-1AAD-4958-9A5A-9CF7F036B79D}"
EndProject
Project("{9A19103F-16F7-4668-BE54-9A1E7A4F7556}") = "Client.AppWPF", "Clients\Client.AppWPF\Client.AppWPF.csproj", "{ADF75C6C-6C1B-4E49-98CC-0CC061E5061E}"
EndProject
Project("{FAE04EC0-301F-11D3-BF4B-00C04F79EFBC}") = "Client.AppMAUI.Hosting", "Clients\Client.AppMAUI.Hosting\Client.AppMAUI.Hosting.csproj", "{9D30AE60-8FB4-40D4-9EE4-501A032A7D3E}"
EndProject
Project("{FAE04EC0-301F-11D3-BF4B-00C04F79EFBC}") = "Client.AppConsole.Microsoft.Extensions", "Clients\Client.AppConsole.Microsoft.Extensions\Client.AppConsole.Microsoft.Extensions.csproj", "{5B25AB57-2F8F-4B93-8130-6662AC987975}"
EndProject
Project("{FAE04EC0-301F-11D3-BF4B-00C04F79EFBC}") = "Client.AppAvaloniaUI.MVVM", "Clients\Client.AppAvaloniaUI.MVVM\Client.AppAvaloniaUI.MVVM.csproj", "{A10ECFDB-C599-415A-ADC3-93ED6A936B90}"
EndProject
Project("{FAE04EC0-301F-11D3-BF4B-00C04F79EFBC}") = "Client.AppAvaloniaUI", "Clients\Client.AppAvaloniaUI\Client.AppAvaloniaUI.csproj", "{57187A40-092E-4B04-8A9A-14BC05B37AA7}"
EndProject
Project("{FAE04EC0-301F-11D3-BF4B-00C04F79EFBC}") = "Client.AppAvaloniaUI.XPlat", "Clients\Client.AppAvaloniaUI.XPlat\Client.AppAvaloniaUI.XPlat\Client.AppAvaloniaUI.XPlat.csproj", "{4A4E3410-2EB2-4966-B062-EFC82688C8A6}"
EndProject
Project("{FAE04EC0-301F-11D3-BF4B-00C04F79EFBC}") = "Client.AppAvaloniaUI.XPlat.iOS", "Clients\Client.AppAvaloniaUI.XPlat\Client.AppAvaloniaUI.XPlat.iOS\Client.AppAvaloniaUI.XPlat.iOS.csproj", "{1DD4A7D9-E017-442C-83AB-F83E32DC9BFF}"
EndProject
Project("{FAE04EC0-301F-11D3-BF4B-00C04F79EFBC}") = "Client.AppAvaloniaUI.XPlat.Android", "Clients\Client.AppAvaloniaUI.XPlat\Client.AppAvaloniaUI.XPlat.Android\Client.AppAvaloniaUI.XPlat.Android.csproj", "{0EA80779-540F-4606-B512-784DD843A36C}"
EndProject
Project("{FAE04EC0-301F-11D3-BF4B-00C04F79EFBC}") = "Client.AppAvaloniaUI.XPlat.Desktop", "Clients\Client.AppAvaloniaUI.XPlat\Client.AppAvaloniaUI.XPlat.Desktop\Client.AppAvaloniaUI.XPlat.Desktop.csproj", "{53815DA9-EC57-4AAD-B650-29D07D600028}"
EndProject
Project("{FAE04EC0-301F-11D3-BF4B-00C04F79EFBC}") = "Client.AppAvaloniaUI.XPlat.Browser", "Clients\Client.AppAvaloniaUI.XPlat\Client.AppAvaloniaUI.XPlat.Browser\Client.AppAvaloniaUI.XPlat.Browser.csproj", "{EC2F7086-E756-4680-8CC0-2831A38C9153}"
EndProject
Global
	GlobalSection(SolutionConfigurationPlatforms) = preSolution
		Debug|Any CPU = Debug|Any CPU
		Release|Any CPU = Release|Any CPU
	EndGlobalSection
	GlobalSection(ProjectConfigurationPlatforms) = postSolution
		{C2132124-9205-4176-A86E-043E6838B8FF}.Debug|Any CPU.ActiveCfg = Debug|Any CPU
		{C2132124-9205-4176-A86E-043E6838B8FF}.Debug|Any CPU.Build.0 = Debug|Any CPU
		{C2132124-9205-4176-A86E-043E6838B8FF}.Release|Any CPU.ActiveCfg = Release|Any CPU
		{C2132124-9205-4176-A86E-043E6838B8FF}.Release|Any CPU.Build.0 = Release|Any CPU
		{99EA3D12-3A8F-43E9-8D1F-C0B43C455525}.Debug|Any CPU.ActiveCfg = Debug|Any CPU
		{99EA3D12-3A8F-43E9-8D1F-C0B43C455525}.Debug|Any CPU.Build.0 = Debug|Any CPU
		{99EA3D12-3A8F-43E9-8D1F-C0B43C455525}.Release|Any CPU.ActiveCfg = Release|Any CPU
		{99EA3D12-3A8F-43E9-8D1F-C0B43C455525}.Release|Any CPU.Build.0 = Release|Any CPU
		{41E0CDDA-6311-424C-813C-CA4112AA86D8}.Debug|Any CPU.ActiveCfg = Debug|Any CPU
		{41E0CDDA-6311-424C-813C-CA4112AA86D8}.Debug|Any CPU.Build.0 = Debug|Any CPU
		{41E0CDDA-6311-424C-813C-CA4112AA86D8}.Release|Any CPU.ActiveCfg = Release|Any CPU
		{41E0CDDA-6311-424C-813C-CA4112AA86D8}.Release|Any CPU.Build.0 = Release|Any CPU
		{4BB43070-305A-419F-A21B-6B73AE49E4B6}.Debug|Any CPU.ActiveCfg = Debug|Any CPU
		{4BB43070-305A-419F-A21B-6B73AE49E4B6}.Debug|Any CPU.Build.0 = Debug|Any CPU
		{4BB43070-305A-419F-A21B-6B73AE49E4B6}.Release|Any CPU.ActiveCfg = Release|Any CPU
		{4BB43070-305A-419F-A21B-6B73AE49E4B6}.Release|Any CPU.Build.0 = Release|Any CPU
		{7C72C131-0A66-4ADE-97C9-293F6896B624}.Debug|Any CPU.ActiveCfg = Debug|Any CPU
		{7C72C131-0A66-4ADE-97C9-293F6896B624}.Debug|Any CPU.Build.0 = Debug|Any CPU
		{7C72C131-0A66-4ADE-97C9-293F6896B624}.Release|Any CPU.ActiveCfg = Release|Any CPU
		{7C72C131-0A66-4ADE-97C9-293F6896B624}.Release|Any CPU.Build.0 = Release|Any CPU
		{51359C84-FF20-4602-B9BB-03F20A7BEDEF}.Debug|Any CPU.ActiveCfg = Debug|Any CPU
		{51359C84-FF20-4602-B9BB-03F20A7BEDEF}.Debug|Any CPU.Build.0 = Debug|Any CPU
		{51359C84-FF20-4602-B9BB-03F20A7BEDEF}.Release|Any CPU.ActiveCfg = Release|Any CPU
		{51359C84-FF20-4602-B9BB-03F20A7BEDEF}.Release|Any CPU.Build.0 = Release|Any CPU
		{E29CCC1A-25A9-4FE6-964F-50E624F7277A}.Debug|Any CPU.ActiveCfg = Debug|Any CPU
		{E29CCC1A-25A9-4FE6-964F-50E624F7277A}.Debug|Any CPU.Build.0 = Debug|Any CPU
		{E29CCC1A-25A9-4FE6-964F-50E624F7277A}.Release|Any CPU.ActiveCfg = Release|Any CPU
		{E29CCC1A-25A9-4FE6-964F-50E624F7277A}.Release|Any CPU.Build.0 = Release|Any CPU
		{E6A3BBD5-7CBF-4414-85E6-689C3DCD4297}.Debug|Any CPU.ActiveCfg = Debug|Any CPU
		{E6A3BBD5-7CBF-4414-85E6-689C3DCD4297}.Debug|Any CPU.Build.0 = Debug|Any CPU
		{E6A3BBD5-7CBF-4414-85E6-689C3DCD4297}.Release|Any CPU.ActiveCfg = Release|Any CPU
		{E6A3BBD5-7CBF-4414-85E6-689C3DCD4297}.Release|Any CPU.Build.0 = Release|Any CPU
		{9C2F05C6-3A73-4411-B12E-D95816E076CF}.Debug|Any CPU.ActiveCfg = Debug|Any CPU
		{9C2F05C6-3A73-4411-B12E-D95816E076CF}.Debug|Any CPU.Build.0 = Debug|Any CPU
		{9C2F05C6-3A73-4411-B12E-D95816E076CF}.Release|Any CPU.ActiveCfg = Release|Any CPU
		{9C2F05C6-3A73-4411-B12E-D95816E076CF}.Release|Any CPU.Build.0 = Release|Any CPU
		{86EA6EC7-2A32-4EB7-AB17-24C561208BA9}.Debug|Any CPU.ActiveCfg = Debug|Any CPU
		{86EA6EC7-2A32-4EB7-AB17-24C561208BA9}.Debug|Any CPU.Build.0 = Debug|Any CPU
		{86EA6EC7-2A32-4EB7-AB17-24C561208BA9}.Release|Any CPU.ActiveCfg = Release|Any CPU
		{86EA6EC7-2A32-4EB7-AB17-24C561208BA9}.Release|Any CPU.Build.0 = Release|Any CPU
		{124354B0-F839-4561-8D6D-C1E53C3016A4}.Debug|Any CPU.ActiveCfg = Debug|Any CPU
		{124354B0-F839-4561-8D6D-C1E53C3016A4}.Debug|Any CPU.Build.0 = Debug|Any CPU
		{124354B0-F839-4561-8D6D-C1E53C3016A4}.Release|Any CPU.ActiveCfg = Release|Any CPU
		{124354B0-F839-4561-8D6D-C1E53C3016A4}.Release|Any CPU.Build.0 = Release|Any CPU
		{3EFC1A5E-8B36-4782-A77E-EB51C65940D4}.Debug|Any CPU.ActiveCfg = Debug|Any CPU
		{3EFC1A5E-8B36-4782-A77E-EB51C65940D4}.Debug|Any CPU.Build.0 = Debug|Any CPU
		{3EFC1A5E-8B36-4782-A77E-EB51C65940D4}.Release|Any CPU.ActiveCfg = Release|Any CPU
		{3EFC1A5E-8B36-4782-A77E-EB51C65940D4}.Release|Any CPU.Build.0 = Release|Any CPU
		{7B4A84D0-FB92-4193-A5D9-D650DDB92254}.Debug|Any CPU.ActiveCfg = Debug|Any CPU
		{7B4A84D0-FB92-4193-A5D9-D650DDB92254}.Debug|Any CPU.Build.0 = Debug|Any CPU
		{7B4A84D0-FB92-4193-A5D9-D650DDB92254}.Release|Any CPU.ActiveCfg = Release|Any CPU
		{7B4A84D0-FB92-4193-A5D9-D650DDB92254}.Release|Any CPU.Build.0 = Release|Any CPU
		{D600000A-CDAF-4D4E-BC9E-C7B46C509C88}.Debug|Any CPU.ActiveCfg = Debug|Any CPU
		{D600000A-CDAF-4D4E-BC9E-C7B46C509C88}.Debug|Any CPU.Build.0 = Debug|Any CPU
		{D600000A-CDAF-4D4E-BC9E-C7B46C509C88}.Release|Any CPU.ActiveCfg = Release|Any CPU
		{D600000A-CDAF-4D4E-BC9E-C7B46C509C88}.Release|Any CPU.Build.0 = Release|Any CPU
		{4E9684DC-1CFF-4D08-97EB-FC802F7B50A5}.Debug|Any CPU.ActiveCfg = Debug|Any CPU
		{4E9684DC-1CFF-4D08-97EB-FC802F7B50A5}.Debug|Any CPU.Build.0 = Debug|Any CPU
		{4E9684DC-1CFF-4D08-97EB-FC802F7B50A5}.Release|Any CPU.ActiveCfg = Release|Any CPU
		{4E9684DC-1CFF-4D08-97EB-FC802F7B50A5}.Release|Any CPU.Build.0 = Release|Any CPU
		{28BB456B-863D-47A6-9CC5-A564664B68FA}.Debug|Any CPU.ActiveCfg = Debug|Any CPU
		{28BB456B-863D-47A6-9CC5-A564664B68FA}.Debug|Any CPU.Build.0 = Debug|Any CPU
		{28BB456B-863D-47A6-9CC5-A564664B68FA}.Release|Any CPU.ActiveCfg = Release|Any CPU
		{28BB456B-863D-47A6-9CC5-A564664B68FA}.Release|Any CPU.Build.0 = Release|Any CPU
		{BA9DEAC5-2FBC-4C2E-80C8-565989C6460B}.Debug|Any CPU.ActiveCfg = Debug|Any CPU
		{BA9DEAC5-2FBC-4C2E-80C8-565989C6460B}.Debug|Any CPU.Build.0 = Debug|Any CPU
		{BA9DEAC5-2FBC-4C2E-80C8-565989C6460B}.Release|Any CPU.ActiveCfg = Release|Any CPU
		{BA9DEAC5-2FBC-4C2E-80C8-565989C6460B}.Release|Any CPU.Build.0 = Release|Any CPU
		{3C92EE41-504A-47C9-9ECC-0F321471310D}.Debug|Any CPU.ActiveCfg = Debug|Any CPU
		{3C92EE41-504A-47C9-9ECC-0F321471310D}.Debug|Any CPU.Build.0 = Debug|Any CPU
		{3C92EE41-504A-47C9-9ECC-0F321471310D}.Release|Any CPU.ActiveCfg = Release|Any CPU
		{3C92EE41-504A-47C9-9ECC-0F321471310D}.Release|Any CPU.Build.0 = Release|Any CPU
		{9BC5A886-C275-44F4-A8E4-3097A1DAB5AE}.Debug|Any CPU.ActiveCfg = Debug|Any CPU
		{9BC5A886-C275-44F4-A8E4-3097A1DAB5AE}.Debug|Any CPU.Build.0 = Debug|Any CPU
		{9BC5A886-C275-44F4-A8E4-3097A1DAB5AE}.Release|Any CPU.ActiveCfg = Release|Any CPU
		{9BC5A886-C275-44F4-A8E4-3097A1DAB5AE}.Release|Any CPU.Build.0 = Release|Any CPU
		{AC599D0C-F3EB-4509-A8E2-75509B02C2CC}.Debug|Any CPU.ActiveCfg = Debug|Any CPU
		{AC599D0C-F3EB-4509-A8E2-75509B02C2CC}.Debug|Any CPU.Build.0 = Debug|Any CPU
		{AC599D0C-F3EB-4509-A8E2-75509B02C2CC}.Release|Any CPU.ActiveCfg = Release|Any CPU
		{AC599D0C-F3EB-4509-A8E2-75509B02C2CC}.Release|Any CPU.Build.0 = Release|Any CPU
		{2A8D3E6B-4867-4FDD-A7C7-0ED4F55EF3C2}.Debug|Any CPU.ActiveCfg = Debug|Any CPU
		{2A8D3E6B-4867-4FDD-A7C7-0ED4F55EF3C2}.Debug|Any CPU.Build.0 = Debug|Any CPU
		{2A8D3E6B-4867-4FDD-A7C7-0ED4F55EF3C2}.Release|Any CPU.ActiveCfg = Release|Any CPU
		{2A8D3E6B-4867-4FDD-A7C7-0ED4F55EF3C2}.Release|Any CPU.Build.0 = Release|Any CPU
		{C1E0C173-1AAD-4958-9A5A-9CF7F036B79D}.Debug|Any CPU.ActiveCfg = Debug|Any CPU
		{C1E0C173-1AAD-4958-9A5A-9CF7F036B79D}.Debug|Any CPU.Build.0 = Debug|Any CPU
		{C1E0C173-1AAD-4958-9A5A-9CF7F036B79D}.Release|Any CPU.ActiveCfg = Release|Any CPU
		{C1E0C173-1AAD-4958-9A5A-9CF7F036B79D}.Release|Any CPU.Build.0 = Release|Any CPU
		{ADF75C6C-6C1B-4E49-98CC-0CC061E5061E}.Debug|Any CPU.ActiveCfg = Debug|Any CPU
		{ADF75C6C-6C1B-4E49-98CC-0CC061E5061E}.Debug|Any CPU.Build.0 = Debug|Any CPU
		{ADF75C6C-6C1B-4E49-98CC-0CC061E5061E}.Release|Any CPU.ActiveCfg = Release|Any CPU
		{ADF75C6C-6C1B-4E49-98CC-0CC061E5061E}.Release|Any CPU.Build.0 = Release|Any CPU
		{9D30AE60-8FB4-40D4-9EE4-501A032A7D3E}.Debug|Any CPU.ActiveCfg = Debug|Any CPU
		{9D30AE60-8FB4-40D4-9EE4-501A032A7D3E}.Debug|Any CPU.Build.0 = Debug|Any CPU
		{9D30AE60-8FB4-40D4-9EE4-501A032A7D3E}.Release|Any CPU.ActiveCfg = Release|Any CPU
		{9D30AE60-8FB4-40D4-9EE4-501A032A7D3E}.Release|Any CPU.Build.0 = Release|Any CPU
		{5B25AB57-2F8F-4B93-8130-6662AC987975}.Debug|Any CPU.ActiveCfg = Debug|Any CPU
		{5B25AB57-2F8F-4B93-8130-6662AC987975}.Debug|Any CPU.Build.0 = Debug|Any CPU
		{5B25AB57-2F8F-4B93-8130-6662AC987975}.Release|Any CPU.ActiveCfg = Release|Any CPU
		{5B25AB57-2F8F-4B93-8130-6662AC987975}.Release|Any CPU.Build.0 = Release|Any CPU
		{A10ECFDB-C599-415A-ADC3-93ED6A936B90}.Debug|Any CPU.ActiveCfg = Debug|Any CPU
		{A10ECFDB-C599-415A-ADC3-93ED6A936B90}.Debug|Any CPU.Build.0 = Debug|Any CPU
		{A10ECFDB-C599-415A-ADC3-93ED6A936B90}.Release|Any CPU.ActiveCfg = Release|Any CPU
		{A10ECFDB-C599-415A-ADC3-93ED6A936B90}.Release|Any CPU.Build.0 = Release|Any CPU
		{57187A40-092E-4B04-8A9A-14BC05B37AA7}.Debug|Any CPU.ActiveCfg = Debug|Any CPU
		{57187A40-092E-4B04-8A9A-14BC05B37AA7}.Debug|Any CPU.Build.0 = Debug|Any CPU
		{57187A40-092E-4B04-8A9A-14BC05B37AA7}.Release|Any CPU.ActiveCfg = Release|Any CPU
		{57187A40-092E-4B04-8A9A-14BC05B37AA7}.Release|Any CPU.Build.0 = Release|Any CPU
		{4A4E3410-2EB2-4966-B062-EFC82688C8A6}.Debug|Any CPU.ActiveCfg = Debug|Any CPU
		{4A4E3410-2EB2-4966-B062-EFC82688C8A6}.Debug|Any CPU.Build.0 = Debug|Any CPU
		{4A4E3410-2EB2-4966-B062-EFC82688C8A6}.Release|Any CPU.ActiveCfg = Release|Any CPU
		{4A4E3410-2EB2-4966-B062-EFC82688C8A6}.Release|Any CPU.Build.0 = Release|Any CPU
		{1DD4A7D9-E017-442C-83AB-F83E32DC9BFF}.Debug|Any CPU.ActiveCfg = Debug|Any CPU
		{1DD4A7D9-E017-442C-83AB-F83E32DC9BFF}.Debug|Any CPU.Build.0 = Debug|Any CPU
		{1DD4A7D9-E017-442C-83AB-F83E32DC9BFF}.Release|Any CPU.ActiveCfg = Release|Any CPU
		{1DD4A7D9-E017-442C-83AB-F83E32DC9BFF}.Release|Any CPU.Build.0 = Release|Any CPU
		{0EA80779-540F-4606-B512-784DD843A36C}.Debug|Any CPU.ActiveCfg = Debug|Any CPU
		{0EA80779-540F-4606-B512-784DD843A36C}.Debug|Any CPU.Build.0 = Debug|Any CPU
		{0EA80779-540F-4606-B512-784DD843A36C}.Release|Any CPU.ActiveCfg = Release|Any CPU
		{0EA80779-540F-4606-B512-784DD843A36C}.Release|Any CPU.Build.0 = Release|Any CPU
		{53815DA9-EC57-4AAD-B650-29D07D600028}.Debug|Any CPU.ActiveCfg = Debug|Any CPU
		{53815DA9-EC57-4AAD-B650-29D07D600028}.Debug|Any CPU.Build.0 = Debug|Any CPU
		{53815DA9-EC57-4AAD-B650-29D07D600028}.Release|Any CPU.ActiveCfg = Release|Any CPU
		{53815DA9-EC57-4AAD-B650-29D07D600028}.Release|Any CPU.Build.0 = Release|Any CPU
		{EC2F7086-E756-4680-8CC0-2831A38C9153}.Debug|Any CPU.ActiveCfg = Debug|Any CPU
		{EC2F7086-E756-4680-8CC0-2831A38C9153}.Debug|Any CPU.Build.0 = Debug|Any CPU
		{EC2F7086-E756-4680-8CC0-2831A38C9153}.Release|Any CPU.ActiveCfg = Release|Any CPU
		{EC2F7086-E756-4680-8CC0-2831A38C9153}.Release|Any CPU.Build.0 = Release|Any CPU
	EndGlobalSection
	GlobalSection(SolutionProperties) = preSolution
		HideSolutionNode = FALSE
	EndGlobalSection
	GlobalSection(NestedProjects) = preSolution
		{7C72C131-0A66-4ADE-97C9-293F6896B624} = {EA3C4D3D-2EA7-46FE-ACE0-52924B5532A2}
		{65207F9C-B5B6-4384-8D81-8FD05A27C266} = {EA3C4D3D-2EA7-46FE-ACE0-52924B5532A2}
		{F4572342-813B-49F5-81B3-915E2EE75143} = {EA3C4D3D-2EA7-46FE-ACE0-52924B5532A2}
		{51359C84-FF20-4602-B9BB-03F20A7BEDEF} = {F4572342-813B-49F5-81B3-915E2EE75143}
		{E29CCC1A-25A9-4FE6-964F-50E624F7277A} = {F4572342-813B-49F5-81B3-915E2EE75143}
		{E6A3BBD5-7CBF-4414-85E6-689C3DCD4297} = {F4572342-813B-49F5-81B3-915E2EE75143}
		{9C2F05C6-3A73-4411-B12E-D95816E076CF} = {F4572342-813B-49F5-81B3-915E2EE75143}
		{86EA6EC7-2A32-4EB7-AB17-24C561208BA9} = {F4572342-813B-49F5-81B3-915E2EE75143}
		{124354B0-F839-4561-8D6D-C1E53C3016A4} = {EA3C4D3D-2EA7-46FE-ACE0-52924B5532A2}
		{3EFC1A5E-8B36-4782-A77E-EB51C65940D4} = {EA3C4D3D-2EA7-46FE-ACE0-52924B5532A2}
		{7B4A84D0-FB92-4193-A5D9-D650DDB92254} = {EA3C4D3D-2EA7-46FE-ACE0-52924B5532A2}
		{D600000A-CDAF-4D4E-BC9E-C7B46C509C88} = {EA3C4D3D-2EA7-46FE-ACE0-52924B5532A2}
		{4E9684DC-1CFF-4D08-97EB-FC802F7B50A5} = {EA3C4D3D-2EA7-46FE-ACE0-52924B5532A2}
		{28BB456B-863D-47A6-9CC5-A564664B68FA} = {EA3C4D3D-2EA7-46FE-ACE0-52924B5532A2}
		{BA9DEAC5-2FBC-4C2E-80C8-565989C6460B} = {EA3C4D3D-2EA7-46FE-ACE0-52924B5532A2}
		{3C92EE41-504A-47C9-9ECC-0F321471310D} = {EA3C4D3D-2EA7-46FE-ACE0-52924B5532A2}
		{9BC5A886-C275-44F4-A8E4-3097A1DAB5AE} = {EA3C4D3D-2EA7-46FE-ACE0-52924B5532A2}
		{AC599D0C-F3EB-4509-A8E2-75509B02C2CC} = {EA3C4D3D-2EA7-46FE-ACE0-52924B5532A2}
		{2A8D3E6B-4867-4FDD-A7C7-0ED4F55EF3C2} = {EA3C4D3D-2EA7-46FE-ACE0-52924B5532A2}
		{C1E0C173-1AAD-4958-9A5A-9CF7F036B79D} = {EA3C4D3D-2EA7-46FE-ACE0-52924B5532A2}
		{ADF75C6C-6C1B-4E49-98CC-0CC061E5061E} = {EA3C4D3D-2EA7-46FE-ACE0-52924B5532A2}
		{9D30AE60-8FB4-40D4-9EE4-501A032A7D3E} = {EA3C4D3D-2EA7-46FE-ACE0-52924B5532A2}
		{5B25AB57-2F8F-4B93-8130-6662AC987975} = {EA3C4D3D-2EA7-46FE-ACE0-52924B5532A2}
		{A10ECFDB-C599-415A-ADC3-93ED6A936B90} = {EA3C4D3D-2EA7-46FE-ACE0-52924B5532A2}
		{57187A40-092E-4B04-8A9A-14BC05B37AA7} = {EA3C4D3D-2EA7-46FE-ACE0-52924B5532A2}
		{4A4E3410-2EB2-4966-B062-EFC82688C8A6} = {F4572342-813B-49F5-81B3-915E2EE75143}
		{1DD4A7D9-E017-442C-83AB-F83E32DC9BFF} = {F4572342-813B-49F5-81B3-915E2EE75143}
		{0EA80779-540F-4606-B512-784DD843A36C} = {F4572342-813B-49F5-81B3-915E2EE75143}
		{53815DA9-EC57-4AAD-B650-29D07D600028} = {F4572342-813B-49F5-81B3-915E2EE75143}
		{EC2F7086-E756-4680-8CC0-2831A38C9153} = {F4572342-813B-49F5-81B3-915E2EE75143}
	EndGlobalSection
	GlobalSection(ExtensibilityGlobals) = postSolution
		SolutionGuid = {772EABCD-C918-448E-9923-DDF3A23FE9FC}
	EndGlobalSection
EndGlobal
